
Microsoft Visual Studio Solution File, Format Version 12.00
# Visual Studio Version 16
VisualStudioVersion = 16.0.30907.101
MinimumVisualStudioVersion = 10.0.40219.1
Project("{9A19103F-16F7-4668-BE54-9A1E7A4F7556}") = "Assignment_9_Josiah_Sarles", "Assignment_9_Josiah_Sarles.csproj", "{AEFC1A61-55D5-4D83-8371-6348001A5F3C}"
EndProject
Global
	GlobalSection(SolutionConfigurationPlatforms) = preSolution
		Debug|Any CPU = Debug|Any CPU
		Release|Any CPU = Release|Any CPU
	EndGlobalSection
	GlobalSection(ProjectConfigurationPlatforms) = postSolution
		{AEFC1A61-55D5-4D83-8371-6348001A5F3C}.Debug|Any CPU.ActiveCfg = Debug|Any CPU
		{AEFC1A61-55D5-4D83-8371-6348001A5F3C}.Debug|Any CPU.Build.0 = Debug|Any CPU
		{AEFC1A61-55D5-4D83-8371-6348001A5F3C}.Release|Any CPU.ActiveCfg = Release|Any CPU
		{AEFC1A61-55D5-4D83-8371-6348001A5F3C}.Release|Any CPU.Build.0 = Release|Any CPU
	EndGlobalSection
	GlobalSection(SolutionProperties) = preSolution
		HideSolutionNode = FALSE
	EndGlobalSection
	GlobalSection(ExtensibilityGlobals) = postSolution
		SolutionGuid = {927483D1-E047-4D92-B408-2C367BF8E00D}
	EndGlobalSection
EndGlobal
